
Microsoft Visual Studio Solution File, Format Version 12.00
# Visual Studio Version 17
VisualStudioVersion = 17.9.34723.18
MinimumVisualStudioVersion = 10.0.40219.1
Project("{FAE04EC0-301F-11D3-BF4B-00C04F79EFBC}") = "RangoNumeros", "RangoNumeros\RangoNumeros.csproj", "{ED883ECB-D609-4862-91A6-16CCD5F6B90E}"
EndProject
Global
	GlobalSection(SolutionConfigurationPlatforms) = preSolution
		Debug|Any CPU = Debug|Any CPU
		Release|Any CPU = Release|Any CPU
	EndGlobalSection
	GlobalSection(ProjectConfigurationPlatforms) = postSolution
		{ED883ECB-D609-4862-91A6-16CCD5F6B90E}.Debug|Any CPU.ActiveCfg = Debug|Any CPU
		{ED883ECB-D609-4862-91A6-16CCD5F6B90E}.Debug|Any CPU.Build.0 = Debug|Any CPU
		{ED883ECB-D609-4862-91A6-16CCD5F6B90E}.Release|Any CPU.ActiveCfg = Release|Any CPU
		{ED883ECB-D609-4862-91A6-16CCD5F6B90E}.Release|Any CPU.Build.0 = Release|Any CPU
	EndGlobalSection
	GlobalSection(SolutionProperties) = preSolution
		HideSolutionNode = FALSE
	EndGlobalSection
	GlobalSection(ExtensibilityGlobals) = postSolution
		SolutionGuid = {2B8BA266-384E-4FC4-AA6F-2E78E8F1EB68}
	EndGlobalSection
EndGlobal
